
Microsoft Visual Studio Solution File, Format Version 12.00
# Visual Studio Version 17
VisualStudioVersion = 17.11.35312.102
MinimumVisualStudioVersion = 10.0.40219.1
Project("{FAE04EC0-301F-11D3-BF4B-00C04F79EFBC}") = "PR3", "PR3\PR3.csproj", "{FDCFA3A0-451B-4144-813B-61DA855BD5BE}"
EndProject
Global
	GlobalSection(SolutionConfigurationPlatforms) = preSolution
		Debug|Any CPU = Debug|Any CPU
		Release|Any CPU = Release|Any CPU
	EndGlobalSection
	GlobalSection(ProjectConfigurationPlatforms) = postSolution
		{FDCFA3A0-451B-4144-813B-61DA855BD5BE}.Debug|Any CPU.ActiveCfg = Debug|Any CPU
		{FDCFA3A0-451B-4144-813B-61DA855BD5BE}.Debug|Any CPU.Build.0 = Debug|Any CPU
		{FDCFA3A0-451B-4144-813B-61DA855BD5BE}.Release|Any CPU.ActiveCfg = Release|Any CPU
		{FDCFA3A0-451B-4144-813B-61DA855BD5BE}.Release|Any CPU.Build.0 = Release|Any CPU
	EndGlobalSection
	GlobalSection(SolutionProperties) = preSolution
		HideSolutionNode = FALSE
	EndGlobalSection
	GlobalSection(ExtensibilityGlobals) = postSolution
		SolutionGuid = {E876DB7B-3757-4D7E-97DA-7A36D5447FA1}
	EndGlobalSection
EndGlobal
